// !$*UTF8*$!
{
	archiveVersion = 1;
	classes = {
	};
	objectVersion = 50;
	objects = {

/* Begin PBXBuildFile section */
		74AD8375211F65E500D10AD5 /* AppDelegate.swift in Sources */ = {isa = PBXBuildFile; fileRef = 74AD8374211F65E500D10AD5 /* AppDelegate.swift */; };
		74AD837A211F65E500D10AD5 /* Main.storyboard in Resources */ = {isa = PBXBuildFile; fileRef = 74AD8378211F65E500D10AD5 /* Main.storyboard */; };
		74AD837C211F65EB00D10AD5 /* Assets.xcassets in Resources */ = {isa = PBXBuildFile; fileRef = 74AD837B211F65EB00D10AD5 /* Assets.xcassets */; };
		74AD837F211F65EB00D10AD5 /* LaunchScreen.storyboard in Resources */ = {isa = PBXBuildFile; fileRef = 74AD837D211F65EB00D10AD5 /* LaunchScreen.storyboard */; };
		74AD8387211F844000D10AD5 /* HomeViewController.swift in Sources */ = {isa = PBXBuildFile; fileRef = 74AD8386211F844000D10AD5 /* HomeViewController.swift */; };
		74AD8389211F90A400D10AD5 /* TableViewController.swift in Sources */ = {isa = PBXBuildFile; fileRef = 74AD8388211F90A400D10AD5 /* TableViewController.swift */; };
		74AD838B211F90AF00D10AD5 /* TableViewCell.swift in Sources */ = {isa = PBXBuildFile; fileRef = 74AD838A211F90AF00D10AD5 /* TableViewCell.swift */; };
/* End PBXBuildFile section */

/* Begin PBXFileReference section */
		74AD8371211F65E500D10AD5 /* Summer18Midterm.app */ = {isa = PBXFileReference; explicitFileType = wrapper.application; includeInIndex = 0; path = Summer18Midterm.app; sourceTree = BUILT_PRODUCTS_DIR; };
		74AD8374211F65E500D10AD5 /* AppDelegate.swift */ = {isa = PBXFileReference; lastKnownFileType = sourcecode.swift; path = AppDelegate.swift; sourceTree = "<group>"; };
		74AD8379211F65E500D10AD5 /* Base */ = {isa = PBXFileReference; lastKnownFileType = file.storyboard; name = Base; path = Base.lproj/Main.storyboard; sourceTree = "<group>"; };
		74AD837B211F65EB00D10AD5 /* Assets.xcassets */ = {isa = PBXFileReference; lastKnownFileType = folder.assetcatalog; path = Assets.xcassets; sourceTree = "<group>"; };
		74AD837E211F65EB00D10AD5 /* Base */ = {isa = PBXFileReference; lastKnownFileType = file.storyboard; name = Base; path = Base.lproj/LaunchScreen.storyboard; sourceTree = "<group>"; };
		74AD8380211F65EB00D10AD5 /* Info.plist */ = {isa = PBXFileReference; lastKnownFileType = text.plist.xml; path = Info.plist; sourceTree = "<group>"; };
		74AD8386211F844000D10AD5 /* HomeViewController.swift */ = {isa = PBXFileReference; lastKnownFileType = sourcecode.swift; path = HomeViewController.swift; sourceTree = "<group>"; };
		74AD8388211F90A400D10AD5 /* TableViewController.swift */ = {isa = PBXFileReference; lastKnownFileType = sourcecode.swift; path = TableViewController.swift; sourceTree = "<group>"; };
		74AD838A211F90AF00D10AD5 /* TableViewCell.swift */ = {isa = PBXFileReference; lastKnownFileType = sourcecode.swift; path = TableViewCell.swift; sourceTree = "<group>"; };
/* End PBXFileReference section */

/* Begin PBXFrameworksBuildPhase section */
		74AD836E211F65E500D10AD5 /* Frameworks */ = {
			isa = PBXFrameworksBuildPhase;
			buildActionMask = 2147483647;
			files = (
			);
			runOnlyForDeploymentPostprocessing = 0;
		};
/* End PBXFrameworksBuildPhase section */

/* Begin PBXGroup section */
		74AD8368211F65E500D10AD5 = {
			isa = PBXGroup;
			children = (
				74AD8373211F65E500D10AD5 /* Summer18Midterm */,
				74AD8372211F65E500D10AD5 /* Products */,
			);
			sourceTree = "<group>";
		};
		74AD8372211F65E500D10AD5 /* Products */ = {
			isa = PBXGroup;
			children = (
				74AD8371211F65E500D10AD5 /* Summer18Midterm.app */,
			);
			name = Products;
			sourceTree = "<group>";
		};
		74AD8373211F65E500D10AD5 /* Summer18Midterm */ = {
			isa = PBXGroup;
			children = (
				74AD8374211F65E500D10AD5 /* AppDelegate.swift */,
				74AD8378211F65E500D10AD5 /* Main.storyboard */,
				74AD837B211F65EB00D10AD5 /* Assets.xcassets */,
				74AD837D211F65EB00D10AD5 /* LaunchScreen.storyboard */,
				74AD8380211F65EB00D10AD5 /* Info.plist */,
				74AD8386211F844000D10AD5 /* HomeViewController.swift */,
				74AD8388211F90A400D10AD5 /* TableViewController.swift */,
				74AD838A211F90AF00D10AD5 /* TableViewCell.swift */,
			);
			path = Summer18Midterm;
			sourceTree = "<group>";
		};
/* End PBXGroup section */

/* Begin PBXNativeTarget section */
		74AD8370211F65E500D10AD5 /* Summer18Midterm */ = {
			isa = PBXNativeTarget;
			buildConfigurationList = 74AD8383211F65EB00D10AD5 /* Build configuration list for PBXNativeTarget "Summer18Midterm" */;
			buildPhases = (
				74AD836D211F65E500D10AD5 /* Sources */,
				74AD836E211F65E500D10AD5 /* Frameworks */,
				74AD836F211F65E500D10AD5 /* Resources */,
			);
			buildRules = (
			);
			dependencies = (
			);
			name = Summer18Midterm;
			productName = Summer18Midterm;
			productReference = 74AD8371211F65E500D10AD5 /* Summer18Midterm.app */;
			productType = "com.apple.product-type.application";
		};
/* End PBXNativeTarget section */

/* Begin PBXProject section */
		74AD8369211F65E500D10AD5 /* Project object */ = {
			isa = PBXProject;
			attributes = {
				LastSwiftUpdateCheck = 0940;
				LastUpgradeCheck = 0940;
				ORGANIZATIONNAME = JK;
				TargetAttributes = {
					74AD8370211F65E500D10AD5 = {
						CreatedOnToolsVersion = 9.4.1;
					};
				};
			};
			buildConfigurationList = 74AD836C211F65E500D10AD5 /* Build configuration list for PBXProject "Summer18Midterm" */;
			compatibilityVersion = "Xcode 9.3";
			developmentRegion = en;
			hasScannedForEncodings = 0;
			knownRegions = (
				en,
				Base,
			);
			mainGroup = 74AD8368211F65E500D10AD5;
			productRefGroup = 74AD8372211F65E500D10AD5 /* Products */;
			projectDirPath = "";
			projectRoot = "";
			targets = (
				74AD8370211F65E500D10AD5 /* Summer18Midterm */,
			);
		};
/* End PBXProject section */

/* Begin PBXResourcesBuildPhase section */
		74AD836F211F65E500D10AD5 /* Resources */ = {
			isa = PBXResourcesBuildPhase;
			buildActionMask = 2147483647;
			files = (
				74AD837F211F65EB00D10AD5 /* LaunchScreen.storyboard in Resources */,
				74AD837C211F65EB00D10AD5 /* Assets.xcassets in Resources */,
				74AD837A211F65E500D10AD5 /* Main.storyboard in Resources */,
			);
			runOnlyForDeploymentPostprocessing = 0;
		};
/* End PBXResourcesBuildPhase section */

/* Begin PBXSourcesBuildPhase section */
		74AD836D211F65E500D10AD5 /* Sources */ = {
			isa = PBXSourcesBuildPhase;
			buildActionMask = 2147483647;
			files = (
				74AD8375211F65E500D10AD5 /* AppDelegate.swift in Sources */,
				74AD838B211F90AF00D10AD5 /* TableViewCell.swift in Sources */,
				74AD8389211F90A400D10AD5 /* TableViewController.swift in Sources */,
				74AD8387211F844000D10AD5 /* HomeViewController.swift in Sources */,
			);
			runOnlyForDeploymentPostprocessing = 0;
		};
/* End PBXSourcesBuildPhase section */

/* Begin PBXVariantGroup section */
		74AD8378211F65E500D10AD5 /* Main.storyboard */ = {
			isa = PBXVariantGroup;
			children = (
				74AD8379211F65E500D10AD5 /* Base */,
			);
			name = Main.storyboard;
			sourceTree = "<group>";
		};
		74AD837D211F65EB00D10AD5 /* LaunchScreen.storyboard */ = {
			isa = PBXVariantGroup;
			children = (
				74AD837E211F65EB00D10AD5 /* Base */,
			);
			name = LaunchScreen.storyboard;
			sourceTree = "<group>";
		};
/* End PBXVariantGroup section */

/* Begin XCBuildConfiguration section */
		74AD8381211F65EB00D10AD5 /* Debug */ = {
			isa = XCBuildConfiguration;
			buildSettings = {
				ALWAYS_SEARCH_USER_PATHS = NO;
				CLANG_ANALYZER_NONNULL = YES;
				CLANG_ANALYZER_NUMBER_OBJECT_CONVERSION = YES_AGGRESSIVE;
				CLANG_CXX_LANGUAGE_STANDARD = "gnu++14";
				CLANG_CXX_LIBRARY = "libc++";
				CLANG_ENABLE_MODULES = YES;
				CLANG_ENABLE_OBJC_ARC = YES;
				CLANG_ENABLE_OBJC_WEAK = YES;
				CLANG_WARN_BLOCK_CAPTURE_AUTORELEASING = YES;
				CLANG_WARN_BOOL_CONVERSION = YES;
				CLANG_WARN_COMMA = YES;
				CLANG_WARN_CONSTANT_CONVERSION = YES;
				CLANG_WARN_DEPRECATED_OBJC_IMPLEMENTATIONS = YES;
				CLANG_WARN_DIRECT_OBJC_ISA_USAGE = YES_ERROR;
				CLANG_WARN_DOCUMENTATION_COMMENTS = YES;
				CLANG_WARN_EMPTY_BODY = YES;
				CLANG_WARN_ENUM_CONVERSION = YES;
				CLANG_WARN_INFINITE_RECURSION = YES;
				CLANG_WARN_INT_CONVERSION = YES;
				CLANG_WARN_NON_LITERAL_NULL_CONVERSION = YES;
				CLANG_WARN_OBJC_IMPLICIT_RETAIN_SELF = YES;
				CLANG_WARN_OBJC_LITERAL_CONVERSION = YES;
				CLANG_WARN_OBJC_ROOT_CLASS = YES_ERROR;
				CLANG_WARN_RANGE_LOOP_ANALYSIS = YES;
				CLANG_WARN_STRICT_PROTOTYPES = YES;
				CLANG_WARN_SUSPICIOUS_MOVE = YES;
				CLANG_WARN_UNGUARDED_AVAILABILITY = YES_AGGRESSIVE;
				CLANG_WARN_UNREACHABLE_CODE = YES;
				CLANG_WARN__DUPLICATE_METHOD_MATCH = YES;
				CODE_SIGN_IDENTITY = "iPhone Developer";
				COPY_PHASE_STRIP = NO;
				DEBUG_INFORMATION_FORMAT = dwarf;
				ENABLE_STRICT_OBJC_MSGSEND = YES;
				ENABLE_TESTABILITY = YES;
				GCC_C_LANGUAGE_STANDARD = gnu11;
				GCC_DYNAMIC_NO_PIC = NO;
				GCC_NO_COMMON_BLOCKS = YES;
				GCC_OPTIMIZATION_LEVEL = 0;
				GCC_PREPROCESSOR_DEFINITIONS = (
					"DEBUG=1",
					"$(inherited)",
				);
				GCC_WARN_64_TO_32_BIT_CONVERSION = YES;
				GCC_WARN_ABOUT_RETURN_TYPE = YES_ERROR;
				GCC_WARN_UNDECLARED_SELECTOR = YES;
				GCC_WARN_UNINITIALIZED_AUTOS = YES_AGGRESSIVE;
				GCC_WARN_UNUSED_FUNCTION = YES;
				GCC_WARN_UNUSED_VARIABLE = YES;
				IPHONEOS_DEPLOYMENT_TARGET = 11.4;
				MTL_ENABLE_DEBUG_INFO = YES;
				ONLY_ACTIVE_ARCH = YES;
				SDKROOT = iphoneos;
				SWIFT_ACTIVE_COMPILATION_CONDITIONS = DEBUG;
				SWIFT_OPTIMIZATION_LEVEL = "-Onone";
			};
			name = Debug;
		};
		74AD8382211F65EB00D10AD5 /* Release */ = {
			isa = XCBuildConfiguration;
			buildSettings = {
				ALWAYS_SEARCH_USER_PATHS = NO;
				CLANG_ANALYZER_NONNULL = YES;
				CLANG_ANALYZER_NUMBER_OBJECT_CONVERSION = YES_AGGRESSIVE;
				CLANG_CXX_LANGUAGE_STANDARD = "gnu++14";
				CLANG_CXX_LIBRARY = "libc++";
				CLANG_ENABLE_MODULES = YES;
				CLANG_ENABLE_OBJC_ARC = YES;
				CLANG_ENABLE_OBJC_WEAK = YES;
				CLANG_WARN_BLOCK_CAPTURE_AUTORELEASING = YES;
				CLANG_WARN_BOOL_CONVERSION = YES;
				CLANG_WARN_COMMA = YES;
				CLANG_WARN_CONSTANT_CONVERSION = YES;
				CLANG_WARN_DEPRECATED_OBJC_IMPLEMENTATIONS = YES;
				CLANG_WARN_DIRECT_OBJC_ISA_USAGE = YES_ERROR;
				CLANG_WARN_DOCUMENTATION_COMMENTS = YES;
				CLANG_WARN_EMPTY_BODY = YES;
				CLANG_WARN_ENUM_CONVERSION = YES;
				CLANG_WARN_INFINITE_RECURSION = YES;
				CLANG_WARN_INT_CONVERSION = YES;
				CLANG_WARN_NON_LITERAL_NULL_CONVERSION = YES;
				CLANG_WARN_OBJC_IMPLICIT_RETAIN_SELF = YES;
				CLANG_WARN_OBJC_LITERAL_CONVERSION = YES;
				CLANG_WARN_OBJC_ROOT_CLASS = YES_ERROR;
				CLANG_WARN_RANGE_LOOP_ANALYSIS = YES;
				CLANG_WARN_STRICT_PROTOTYPES = YES;
				CLANG_WARN_SUSPICIOUS_MOVE = YES;
				CLANG_WARN_UNGUARDED_AVAILABILITY = YES_AGGRESSIVE;
				CLANG_WARN_UNREACHABLE_CODE = YES;
				CLANG_WARN__DUPLICATE_METHOD_MATCH = YES;
				CODE_SIGN_IDENTITY = "iPhone Developer";
				COPY_PHASE_STRIP = NO;
				DEBUG_INFORMATION_FORMAT = "dwarf-with-dsym";
				ENABLE_NS_ASSERTIONS = NO;
				ENABLE_STRICT_OBJC_MSGSEND = YES;
				GCC_C_LANGUAGE_STANDARD = gnu11;
				GCC_NO_COMMON_BLOCKS = YES;
				GCC_WARN_64_TO_32_BIT_CONVERSION = YES;
				GCC_WARN_ABOUT_RETURN_TYPE = YES_ERROR;
				GCC_WARN_UNDECLARED_SELECTOR = YES;
				GCC_WARN_UNINITIALIZED_AUTOS = YES_AGGRESSIVE;
				GCC_WARN_UNUSED_FUNCTION = YES;
				GCC_WARN_UNUSED_VARIABLE = YES;
				IPHONEOS_DEPLOYMENT_TARGET = 11.4;
				MTL_ENABLE_DEBUG_INFO = NO;
				SDKROOT = iphoneos;
				SWIFT_COMPILATION_MODE = wholemodule;
				SWIFT_OPTIMIZATION_LEVEL = "-O";
				VALIDATE_PRODUCT = YES;
			};
			name = Release;
		};
		74AD8384211F65EB00D10AD5 /* Debug */ = {
			isa = XCBuildConfiguration;
			buildSettings = {
				ASSETCATALOG_COMPILER_APPICON_NAME = AppIcon;
				CODE_SIGN_STYLE = Automatic;
				DEVELOPMENT_TEAM = 5TY5YYZHXW;
				INFOPLIST_FILE = Summer18Midterm/Info.plist;
				LD_RUNPATH_SEARCH_PATHS = (
					"$(inherited)",
					"@executable_path/Frameworks",
				);
				PRODUCT_BUNDLE_IDENTIFIER = JK.Summer18Midterm;
				PRODUCT_NAME = "$(TARGET_NAME)";
				SWIFT_VERSION = 4.0;
				TARGETED_DEVICE_FAMILY = "1,2";
			};
			name = Debug;
		};
		74AD8385211F65EB00D10AD5 /* Release */ = {
			isa = XCBuildConfiguration;
			buildSettings = {
				ASSETCATALOG_COMPILER_APPICON_NAME = AppIcon;
				CODE_SIGN_STYLE = Automatic;
				DEVELOPMENT_TEAM = 5TY5YYZHXW;
				INFOPLIST_FILE = Summer18Midterm/Info.plist;
				LD_RUNPATH_SEARCH_PATHS = (
					"$(inherited)",
					"@executable_path/Frameworks",
				);
				PRODUCT_BUNDLE_IDENTIFIER = JK.Summer18Midterm;
				PRODUCT_NAME = "$(TARGET_NAME)";
				SWIFT_VERSION = 4.0;
				TARGETED_DEVICE_FAMILY = "1,2";
			};
			name = Release;
		};
/* End XCBuildConfiguration section */

/* Begin XCConfigurationList section */
		74AD836C211F65E500D10AD5 /* Build configuration list for PBXProject "Summer18Midterm" */ = {
			isa = XCConfigurationList;
			buildConfigurations = (
				74AD8381211F65EB00D10AD5 /* Debug */,
				74AD8382211F65EB00D10AD5 /* Release */,
			);
			defaultConfigurationIsVisible = 0;
			defaultConfigurationName = Release;
		};
		74AD8383211F65EB00D10AD5 /* Build configuration list for PBXNativeTarget "Summer18Midterm" */ = {
			isa = XCConfigurationList;
			buildConfigurations = (
				74AD8384211F65EB00D10AD5 /* Debug */,
				74AD8385211F65EB00D10AD5 /* Release */,
			);
			defaultConfigurationIsVisible = 0;
			defaultConfigurationName = Release;
		};
/* End XCConfigurationList section */
	};
	rootObject = 74AD8369211F65E500D10AD5 /* Project object */;
}
